
Microsoft Visual Studio Solution File, Format Version 12.00
# Visual Studio Version 16
VisualStudioVersion = 16.0.29102.190
MinimumVisualStudioVersion = 10.0.40219.1
Project("{9A19103F-16F7-4668-BE54-9A1E7A4F7556}") = "Petshop.Repository", "Petshop.Repository\Petshop.Repository.csproj", "{A2A27223-BCAB-4D63-9DF3-40B194AA64D1}"
EndProject
Project("{9A19103F-16F7-4668-BE54-9A1E7A4F7556}") = "Petshop.Domain", "Petshop.Domain\Petshop.Domain.csproj", "{8150CA28-00B5-4A99-B850-9414065ECC41}"
EndProject
Project("{9A19103F-16F7-4668-BE54-9A1E7A4F7556}") = "Petshop.Service", "Petshop.Service\Petshop.Service.csproj", "{ECCC83E4-8FB7-4579-B0FD-F2D93C1CA589}"
EndProject
Project("{9A19103F-16F7-4668-BE54-9A1E7A4F7556}") = "Petshop.Web", "Petshop.Web\Petshop.Web.csproj", "{4C7C9B52-0C2F-43B9-B4D0-044E2B0B118E}"
EndProject
Global
	GlobalSection(SolutionConfigurationPlatforms) = preSolution
		Debug|Any CPU = Debug|Any CPU
		Release|Any CPU = Release|Any CPU
	EndGlobalSection
	GlobalSection(ProjectConfigurationPlatforms) = postSolution
		{A2A27223-BCAB-4D63-9DF3-40B194AA64D1}.Debug|Any CPU.ActiveCfg = Debug|Any CPU
		{A2A27223-BCAB-4D63-9DF3-40B194AA64D1}.Debug|Any CPU.Build.0 = Debug|Any CPU
		{A2A27223-BCAB-4D63-9DF3-40B194AA64D1}.Release|Any CPU.ActiveCfg = Release|Any CPU
		{A2A27223-BCAB-4D63-9DF3-40B194AA64D1}.Release|Any CPU.Build.0 = Release|Any CPU
		{8150CA28-00B5-4A99-B850-9414065ECC41}.Debug|Any CPU.ActiveCfg = Debug|Any CPU
		{8150CA28-00B5-4A99-B850-9414065ECC41}.Debug|Any CPU.Build.0 = Debug|Any CPU
		{8150CA28-00B5-4A99-B850-9414065ECC41}.Release|Any CPU.ActiveCfg = Release|Any CPU
		{8150CA28-00B5-4A99-B850-9414065ECC41}.Release|Any CPU.Build.0 = Release|Any CPU
		{ECCC83E4-8FB7-4579-B0FD-F2D93C1CA589}.Debug|Any CPU.ActiveCfg = Debug|Any CPU
		{ECCC83E4-8FB7-4579-B0FD-F2D93C1CA589}.Debug|Any CPU.Build.0 = Debug|Any CPU
		{ECCC83E4-8FB7-4579-B0FD-F2D93C1CA589}.Release|Any CPU.ActiveCfg = Release|Any CPU
		{ECCC83E4-8FB7-4579-B0FD-F2D93C1CA589}.Release|Any CPU.Build.0 = Release|Any CPU
		{4C7C9B52-0C2F-43B9-B4D0-044E2B0B118E}.Debug|Any CPU.ActiveCfg = Debug|Any CPU
		{4C7C9B52-0C2F-43B9-B4D0-044E2B0B118E}.Debug|Any CPU.Build.0 = Debug|Any CPU
		{4C7C9B52-0C2F-43B9-B4D0-044E2B0B118E}.Release|Any CPU.ActiveCfg = Release|Any CPU
		{4C7C9B52-0C2F-43B9-B4D0-044E2B0B118E}.Release|Any CPU.Build.0 = Release|Any CPU
	EndGlobalSection
	GlobalSection(SolutionProperties) = preSolution
		HideSolutionNode = FALSE
	EndGlobalSection
	GlobalSection(ExtensibilityGlobals) = postSolution
		SolutionGuid = {99FB1005-8C5C-4354-8DE0-1FFDF142CEBA}
	EndGlobalSection
EndGlobal
